
Microsoft Visual Studio Solution File, Format Version 12.00
# Visual Studio Version 17
VisualStudioVersion = 17.13.35919.96 d17.13
MinimumVisualStudioVersion = 10.0.40219.1
Project("{FAE04EC0-301F-11D3-BF4B-00C04F79EFBC}") = "Git-test1", "Git-test1\Git-test1.csproj", "{C18167ED-F826-4A83-B61F-B9CCE87A6A84}"
EndProject
Global
	GlobalSection(SolutionConfigurationPlatforms) = preSolution
		Debug|Any CPU = Debug|Any CPU
		Release|Any CPU = Release|Any CPU
	EndGlobalSection
	GlobalSection(ProjectConfigurationPlatforms) = postSolution
		{C18167ED-F826-4A83-B61F-B9CCE87A6A84}.Debug|Any CPU.ActiveCfg = Debug|Any CPU
		{C18167ED-F826-4A83-B61F-B9CCE87A6A84}.Debug|Any CPU.Build.0 = Debug|Any CPU
		{C18167ED-F826-4A83-B61F-B9CCE87A6A84}.Release|Any CPU.ActiveCfg = Release|Any CPU
		{C18167ED-F826-4A83-B61F-B9CCE87A6A84}.Release|Any CPU.Build.0 = Release|Any CPU
	EndGlobalSection
	GlobalSection(SolutionProperties) = preSolution
		HideSolutionNode = FALSE
	EndGlobalSection
	GlobalSection(ExtensibilityGlobals) = postSolution
		SolutionGuid = {0027394D-8F29-4137-B15F-3646C693DFC0}
	EndGlobalSection
EndGlobal
